
Microsoft Visual Studio Solution File, Format Version 12.00
# Visual Studio Version 16
VisualStudioVersion = 16.0.30503.244
MinimumVisualStudioVersion = 10.0.40219.1
Project("{FAE04EC0-301F-11D3-BF4B-00C04F79EFBC}") = "WebApp.NLog", "WebApp.NLog\WebApp.NLog.csproj", "{DA2E9AE0-2BCC-4982-90BA-01483C4A28B9}"
EndProject
Project("{FAE04EC0-301F-11D3-BF4B-00C04F79EFBC}") = "WebApp.Core", "WebApp.Core\WebApp.Core.csproj", "{CD6CE06B-7273-47B1-BFA2-103013E82F1F}"
EndProject
Global
	GlobalSection(SolutionConfigurationPlatforms) = preSolution
		Debug|Any CPU = Debug|Any CPU
		Release|Any CPU = Release|Any CPU
	EndGlobalSection
	GlobalSection(ProjectConfigurationPlatforms) = postSolution
		{DA2E9AE0-2BCC-4982-90BA-01483C4A28B9}.Debug|Any CPU.ActiveCfg = Debug|Any CPU
		{DA2E9AE0-2BCC-4982-90BA-01483C4A28B9}.Debug|Any CPU.Build.0 = Debug|Any CPU
		{DA2E9AE0-2BCC-4982-90BA-01483C4A28B9}.Release|Any CPU.ActiveCfg = Release|Any CPU
		{DA2E9AE0-2BCC-4982-90BA-01483C4A28B9}.Release|Any CPU.Build.0 = Release|Any CPU
		{CD6CE06B-7273-47B1-BFA2-103013E82F1F}.Debug|Any CPU.ActiveCfg = Debug|Any CPU
		{CD6CE06B-7273-47B1-BFA2-103013E82F1F}.Debug|Any CPU.Build.0 = Debug|Any CPU
		{CD6CE06B-7273-47B1-BFA2-103013E82F1F}.Release|Any CPU.ActiveCfg = Release|Any CPU
		{CD6CE06B-7273-47B1-BFA2-103013E82F1F}.Release|Any CPU.Build.0 = Release|Any CPU
	EndGlobalSection
	GlobalSection(SolutionProperties) = preSolution
		HideSolutionNode = FALSE
	EndGlobalSection
	GlobalSection(ExtensibilityGlobals) = postSolution
		SolutionGuid = {DD503A88-E243-482B-B1E4-D9456FC814A4}
	EndGlobalSection
EndGlobal
